// !$*UTF8*$!
{
	archiveVersion = 1;
	classes = {
	};
	objectVersion = 56;
	objects = {

/* Begin PBXBuildFile section */
		13F596DA29CCA09000BF7067 /* examApp.swift in Sources */ = {isa = PBXBuildFile; fileRef = 13F596D929CCA09000BF7067 /* examApp.swift */; };
		13F596DC29CCA09000BF7067 /* ContentView.swift in Sources */ = {isa = PBXBuildFile; fileRef = 13F596DB29CCA09000BF7067 /* ContentView.swift */; };
		13F596DE29CCA09200BF7067 /* Assets.xcassets in Resources */ = {isa = PBXBuildFile; fileRef = 13F596DD29CCA09200BF7067 /* Assets.xcassets */; };
		13F596E129CCA09200BF7067 /* Preview Assets.xcassets in Resources */ = {isa = PBXBuildFile; fileRef = 13F596E029CCA09200BF7067 /* Preview Assets.xcassets */; };
		13F596EB29CCA09200BF7067 /* examTests.swift in Sources */ = {isa = PBXBuildFile; fileRef = 13F596EA29CCA09200BF7067 /* examTests.swift */; };
		13F596F529CCA09200BF7067 /* examUITests.swift in Sources */ = {isa = PBXBuildFile; fileRef = 13F596F429CCA09200BF7067 /* examUITests.swift */; };
		13F596F729CCA09200BF7067 /* examUITestsLaunchTests.swift in Sources */ = {isa = PBXBuildFile; fileRef = 13F596F629CCA09200BF7067 /* examUITestsLaunchTests.swift */; };
/* End PBXBuildFile section */

/* Begin PBXContainerItemProxy section */
		13F596E729CCA09200BF7067 /* PBXContainerItemProxy */ = {
			isa = PBXContainerItemProxy;
			containerPortal = 13F596CE29CCA09000BF7067 /* Project object */;
			proxyType = 1;
			remoteGlobalIDString = 13F596D529CCA09000BF7067;
			remoteInfo = exam;
		};
		13F596F129CCA09200BF7067 /* PBXContainerItemProxy */ = {
			isa = PBXContainerItemProxy;
			containerPortal = 13F596CE29CCA09000BF7067 /* Project object */;
			proxyType = 1;
			remoteGlobalIDString = 13F596D529CCA09000BF7067;
			remoteInfo = exam;
		};
/* End PBXContainerItemProxy section */

/* Begin PBXFileReference section */
		13F596D629CCA09000BF7067 /* exam.app */ = {isa = PBXFileReference; explicitFileType = wrapper.application; includeInIndex = 0; path = exam.app; sourceTree = BUILT_PRODUCTS_DIR; };
		13F596D929CCA09000BF7067 /* examApp.swift */ = {isa = PBXFileReference; lastKnownFileType = sourcecode.swift; path = examApp.swift; sourceTree = "<group>"; };
		13F596DB29CCA09000BF7067 /* ContentView.swift */ = {isa = PBXFileReference; lastKnownFileType = sourcecode.swift; path = ContentView.swift; sourceTree = "<group>"; };
		13F596DD29CCA09200BF7067 /* Assets.xcassets */ = {isa = PBXFileReference; lastKnownFileType = folder.assetcatalog; path = Assets.xcassets; sourceTree = "<group>"; };
		13F596E029CCA09200BF7067 /* Preview Assets.xcassets */ = {isa = PBXFileReference; lastKnownFileType = folder.assetcatalog; path = "Preview Assets.xcassets"; sourceTree = "<group>"; };
		13F596E629CCA09200BF7067 /* examTests.xctest */ = {isa = PBXFileReference; explicitFileType = wrapper.cfbundle; includeInIndex = 0; path = examTests.xctest; sourceTree = BUILT_PRODUCTS_DIR; };
		13F596EA29CCA09200BF7067 /* examTests.swift */ = {isa = PBXFileReference; lastKnownFileType = sourcecode.swift; path = examTests.swift; sourceTree = "<group>"; };
		13F596F029CCA09200BF7067 /* examUITests.xctest */ = {isa = PBXFileReference; explicitFileType = wrapper.cfbundle; includeInIndex = 0; path = examUITests.xctest; sourceTree = BUILT_PRODUCTS_DIR; };
		13F596F429CCA09200BF7067 /* examUITests.swift */ = {isa = PBXFileReference; lastKnownFileType = sourcecode.swift; path = examUITests.swift; sourceTree = "<group>"; };
		13F596F629CCA09200BF7067 /* examUITestsLaunchTests.swift */ = {isa = PBXFileReference; lastKnownFileType = sourcecode.swift; path = examUITestsLaunchTests.swift; sourceTree = "<group>"; };
/* End PBXFileReference section */

/* Begin PBXFrameworksBuildPhase section */
		13F596D329CCA09000BF7067 /* Frameworks */ = {
			isa = PBXFrameworksBuildPhase;
			buildActionMask = 2147483647;
			files = (
			);
			runOnlyForDeploymentPostprocessing = 0;
		};
		13F596E329CCA09200BF7067 /* Frameworks */ = {
			isa = PBXFrameworksBuildPhase;
			buildActionMask = 2147483647;
			files = (
			);
			runOnlyForDeploymentPostprocessing = 0;
		};
		13F596ED29CCA09200BF7067 /* Frameworks */ = {
			isa = PBXFrameworksBuildPhase;
			buildActionMask = 2147483647;
			files = (
			);
			runOnlyForDeploymentPostprocessing = 0;
		};
/* End PBXFrameworksBuildPhase section */

/* Begin PBXGroup section */
		13F596CD29CCA09000BF7067 = {
			isa = PBXGroup;
			children = (
				13F596D829CCA09000BF7067 /* exam */,
				13F596E929CCA09200BF7067 /* examTests */,
				13F596F329CCA09200BF7067 /* examUITests */,
				13F596D729CCA09000BF7067 /* Products */,
			);
			sourceTree = "<group>";
		};
		13F596D729CCA09000BF7067 /* Products */ = {
			isa = PBXGroup;
			children = (
				13F596D629CCA09000BF7067 /* exam.app */,
				13F596E629CCA09200BF7067 /* examTests.xctest */,
				13F596F029CCA09200BF7067 /* examUITests.xctest */,
			);
			name = Products;
			sourceTree = "<group>";
		};
		13F596D829CCA09000BF7067 /* exam */ = {
			isa = PBXGroup;
			children = (
				13F596D929CCA09000BF7067 /* examApp.swift */,
				13F596DB29CCA09000BF7067 /* ContentView.swift */,
				13F596DD29CCA09200BF7067 /* Assets.xcassets */,
				13F596DF29CCA09200BF7067 /* Preview Content */,
			);
			path = exam;
			sourceTree = "<group>";
		};
		13F596DF29CCA09200BF7067 /* Preview Content */ = {
			isa = PBXGroup;
			children = (
				13F596E029CCA09200BF7067 /* Preview Assets.xcassets */,
			);
			path = "Preview Content";
			sourceTree = "<group>";
		};
		13F596E929CCA09200BF7067 /* examTests */ = {
			isa = PBXGroup;
			children = (
				13F596EA29CCA09200BF7067 /* examTests.swift */,
			);
			path = examTests;
			sourceTree = "<group>";
		};
		13F596F329CCA09200BF7067 /* examUITests */ = {
			isa = PBXGroup;
			children = (
				13F596F429CCA09200BF7067 /* examUITests.swift */,
				13F596F629CCA09200BF7067 /* examUITestsLaunchTests.swift */,
			);
			path = examUITests;
			sourceTree = "<group>";
		};
/* End PBXGroup section */

/* Begin PBXNativeTarget section */
		13F596D529CCA09000BF7067 /* exam */ = {
			isa = PBXNativeTarget;
			buildConfigurationList = 13F596FA29CCA09200BF7067 /* Build configuration list for PBXNativeTarget "exam" */;
			buildPhases = (
				13F596D229CCA09000BF7067 /* Sources */,
				13F596D329CCA09000BF7067 /* Frameworks */,
				13F596D429CCA09000BF7067 /* Resources */,
			);
			buildRules = (
			);
			dependencies = (
			);
			name = exam;
			productName = exam;
			productReference = 13F596D629CCA09000BF7067 /* exam.app */;
			productType = "com.apple.product-type.application";
		};
		13F596E529CCA09200BF7067 /* examTests */ = {
			isa = PBXNativeTarget;
			buildConfigurationList = 13F596FD29CCA09200BF7067 /* Build configuration list for PBXNativeTarget "examTests" */;
			buildPhases = (
				13F596E229CCA09200BF7067 /* Sources */,
				13F596E329CCA09200BF7067 /* Frameworks */,
				13F596E429CCA09200BF7067 /* Resources */,
			);
			buildRules = (
			);
			dependencies = (
				13F596E829CCA09200BF7067 /* PBXTargetDependency */,
			);
			name = examTests;
			productName = examTests;
			productReference = 13F596E629CCA09200BF7067 /* examTests.xctest */;
			productType = "com.apple.product-type.bundle.unit-test";
		};
		13F596EF29CCA09200BF7067 /* examUITests */ = {
			isa = PBXNativeTarget;
			buildConfigurationList = 13F5970029CCA09200BF7067 /* Build configuration list for PBXNativeTarget "examUITests" */;
			buildPhases = (
				13F596EC29CCA09200BF7067 /* Sources */,
				13F596ED29CCA09200BF7067 /* Frameworks */,
				13F596EE29CCA09200BF7067 /* Resources */,
			);
			buildRules = (
			);
			dependencies = (
				13F596F229CCA09200BF7067 /* PBXTargetDependency */,
			);
			name = examUITests;
			productName = examUITests;
			productReference = 13F596F029CCA09200BF7067 /* examUITests.xctest */;
			productType = "com.apple.product-type.bundle.ui-testing";
		};
/* End PBXNativeTarget section */

/* Begin PBXProject section */
		13F596CE29CCA09000BF7067 /* Project object */ = {
			isa = PBXProject;
			attributes = {
				BuildIndependentTargetsInParallel = 1;
				LastSwiftUpdateCheck = 1420;
				LastUpgradeCheck = 1420;
				TargetAttributes = {
					13F596D529CCA09000BF7067 = {
						CreatedOnToolsVersion = 14.2;
					};
					13F596E529CCA09200BF7067 = {
						CreatedOnToolsVersion = 14.2;
						TestTargetID = 13F596D529CCA09000BF7067;
					};
					13F596EF29CCA09200BF7067 = {
						CreatedOnToolsVersion = 14.2;
						TestTargetID = 13F596D529CCA09000BF7067;
					};
				};
			};
			buildConfigurationList = 13F596D129CCA09000BF7067 /* Build configuration list for PBXProject "exam" */;
			compatibilityVersion = "Xcode 14.0";
			developmentRegion = en;
			hasScannedForEncodings = 0;
			knownRegions = (
				en,
				Base,
			);
			mainGroup = 13F596CD29CCA09000BF7067;
			productRefGroup = 13F596D729CCA09000BF7067 /* Products */;
			projectDirPath = "";
			projectRoot = "";
			targets = (
				13F596D529CCA09000BF7067 /* exam */,
				13F596E529CCA09200BF7067 /* examTests */,
				13F596EF29CCA09200BF7067 /* examUITests */,
			);
		};
/* End PBXProject section */

/* Begin PBXResourcesBuildPhase section */
		13F596D429CCA09000BF7067 /* Resources */ = {
			isa = PBXResourcesBuildPhase;
			buildActionMask = 2147483647;
			files = (
				13F596E129CCA09200BF7067 /* Preview Assets.xcassets in Resources */,
				13F596DE29CCA09200BF7067 /* Assets.xcassets in Resources */,
			);
			runOnlyForDeploymentPostprocessing = 0;
		};
		13F596E429CCA09200BF7067 /* Resources */ = {
			isa = PBXResourcesBuildPhase;
			buildActionMask = 2147483647;
			files = (
			);
			runOnlyForDeploymentPostprocessing = 0;
		};
		13F596EE29CCA09200BF7067 /* Resources */ = {
			isa = PBXResourcesBuildPhase;
			buildActionMask = 2147483647;
			files = (
			);
			runOnlyForDeploymentPostprocessing = 0;
		};
/* End PBXResourcesBuildPhase section */

/* Begin PBXSourcesBuildPhase section */
		13F596D229CCA09000BF7067 /* Sources */ = {
			isa = PBXSourcesBuildPhase;
			buildActionMask = 2147483647;
			files = (
				13F596DC29CCA09000BF7067 /* ContentView.swift in Sources */,
				13F596DA29CCA09000BF7067 /* examApp.swift in Sources */,
			);
			runOnlyForDeploymentPostprocessing = 0;
		};
		13F596E229CCA09200BF7067 /* Sources */ = {
			isa = PBXSourcesBuildPhase;
			buildActionMask = 2147483647;
			files = (
				13F596EB29CCA09200BF7067 /* examTests.swift in Sources */,
			);
			runOnlyForDeploymentPostprocessing = 0;
		};
		13F596EC29CCA09200BF7067 /* Sources */ = {
			isa = PBXSourcesBuildPhase;
			buildActionMask = 2147483647;
			files = (
				13F596F529CCA09200BF7067 /* examUITests.swift in Sources */,
				13F596F729CCA09200BF7067 /* examUITestsLaunchTests.swift in Sources */,
			);
			runOnlyForDeploymentPostprocessing = 0;
		};
/* End PBXSourcesBuildPhase section */

/* Begin PBXTargetDependency section */
		13F596E829CCA09200BF7067 /* PBXTargetDependency */ = {
			isa = PBXTargetDependency;
			target = 13F596D529CCA09000BF7067 /* exam */;
			targetProxy = 13F596E729CCA09200BF7067 /* PBXContainerItemProxy */;
		};
		13F596F229CCA09200BF7067 /* PBXTargetDependency */ = {
			isa = PBXTargetDependency;
			target = 13F596D529CCA09000BF7067 /* exam */;
			targetProxy = 13F596F129CCA09200BF7067 /* PBXContainerItemProxy */;
		};
/* End PBXTargetDependency section */

/* Begin XCBuildConfiguration section */
		13F596F829CCA09200BF7067 /* Debug */ = {
			isa = XCBuildConfiguration;
			buildSettings = {
				ALWAYS_SEARCH_USER_PATHS = NO;
				CLANG_ANALYZER_NONNULL = YES;
				CLANG_ANALYZER_NUMBER_OBJECT_CONVERSION = YES_AGGRESSIVE;
				CLANG_CXX_LANGUAGE_STANDARD = "gnu++20";
				CLANG_ENABLE_MODULES = YES;
				CLANG_ENABLE_OBJC_ARC = YES;
				CLANG_ENABLE_OBJC_WEAK = YES;
				CLANG_WARN_BLOCK_CAPTURE_AUTORELEASING = YES;
				CLANG_WARN_BOOL_CONVERSION = YES;
				CLANG_WARN_COMMA = YES;
				CLANG_WARN_CONSTANT_CONVERSION = YES;
				CLANG_WARN_DEPRECATED_OBJC_IMPLEMENTATIONS = YES;
				CLANG_WARN_DIRECT_OBJC_ISA_USAGE = YES_ERROR;
				CLANG_WARN_DOCUMENTATION_COMMENTS = YES;
				CLANG_WARN_EMPTY_BODY = YES;
				CLANG_WARN_ENUM_CONVERSION = YES;
				CLANG_WARN_INFINITE_RECURSION = YES;
				CLANG_WARN_INT_CONVERSION = YES;
				CLANG_WARN_NON_LITERAL_NULL_CONVERSION = YES;
				CLANG_WARN_OBJC_IMPLICIT_RETAIN_SELF = YES;
				CLANG_WARN_OBJC_LITERAL_CONVERSION = YES;
				CLANG_WARN_OBJC_ROOT_CLASS = YES_ERROR;
				CLANG_WARN_QUOTED_INCLUDE_IN_FRAMEWORK_HEADER = YES;
				CLANG_WARN_RANGE_LOOP_ANALYSIS = YES;
				CLANG_WARN_STRICT_PROTOTYPES = YES;
				CLANG_WARN_SUSPICIOUS_MOVE = YES;
				CLANG_WARN_UNGUARDED_AVAILABILITY = YES_AGGRESSIVE;
				CLANG_WARN_UNREACHABLE_CODE = YES;
				CLANG_WARN__DUPLICATE_METHOD_MATCH = YES;
				COPY_PHASE_STRIP = NO;
				DEBUG_INFORMATION_FORMAT = dwarf;
				ENABLE_STRICT_OBJC_MSGSEND = YES;
				ENABLE_TESTABILITY = YES;
				GCC_C_LANGUAGE_STANDARD = gnu11;
				GCC_DYNAMIC_NO_PIC = NO;
				GCC_NO_COMMON_BLOCKS = YES;
				GCC_OPTIMIZATION_LEVEL = 0;
				GCC_PREPROCESSOR_DEFINITIONS = (
					"DEBUG=1",
					"$(inherited)",
				);
				GCC_WARN_64_TO_32_BIT_CONVERSION = YES;
				GCC_WARN_ABOUT_RETURN_TYPE = YES_ERROR;
				GCC_WARN_UNDECLARED_SELECTOR = YES;
				GCC_WARN_UNINITIALIZED_AUTOS = YES_AGGRESSIVE;
				GCC_WARN_UNUSED_FUNCTION = YES;
				GCC_WARN_UNUSED_VARIABLE = YES;
				IPHONEOS_DEPLOYMENT_TARGET = 16.2;
				MTL_ENABLE_DEBUG_INFO = INCLUDE_SOURCE;
				MTL_FAST_MATH = YES;
				ONLY_ACTIVE_ARCH = YES;
				SDKROOT = iphoneos;
				SWIFT_ACTIVE_COMPILATION_CONDITIONS = DEBUG;
				SWIFT_OPTIMIZATION_LEVEL = "-Onone";
			};
			name = Debug;
		};
		13F596F929CCA09200BF7067 /* Release */ = {
			isa = XCBuildConfiguration;
			buildSettings = {
				ALWAYS_SEARCH_USER_PATHS = NO;
				CLANG_ANALYZER_NONNULL = YES;
				CLANG_ANALYZER_NUMBER_OBJECT_CONVERSION = YES_AGGRESSIVE;
				CLANG_CXX_LANGUAGE_STANDARD = "gnu++20";
				CLANG_ENABLE_MODULES = YES;
				CLANG_ENABLE_OBJC_ARC = YES;
				CLANG_ENABLE_OBJC_WEAK = YES;
				CLANG_WARN_BLOCK_CAPTURE_AUTORELEASING = YES;
				CLANG_WARN_BOOL_CONVERSION = YES;
				CLANG_WARN_COMMA = YES;
				CLANG_WARN_CONSTANT_CONVERSION = YES;
				CLANG_WARN_DEPRECATED_OBJC_IMPLEMENTATIONS = YES;
				CLANG_WARN_DIRECT_OBJC_ISA_USAGE = YES_ERROR;
				CLANG_WARN_DOCUMENTATION_COMMENTS = YES;
				CLANG_WARN_EMPTY_BODY = YES;
				CLANG_WARN_ENUM_CONVERSION = YES;
				CLANG_WARN_INFINITE_RECURSION = YES;
				CLANG_WARN_INT_CONVERSION = YES;
				CLANG_WARN_NON_LITERAL_NULL_CONVERSION = YES;
				CLANG_WARN_OBJC_IMPLICIT_RETAIN_SELF = YES;
				CLANG_WARN_OBJC_LITERAL_CONVERSION = YES;
				CLANG_WARN_OBJC_ROOT_CLASS = YES_ERROR;
				CLANG_WARN_QUOTED_INCLUDE_IN_FRAMEWORK_HEADER = YES;
				CLANG_WARN_RANGE_LOOP_ANALYSIS = YES;
				CLANG_WARN_STRICT_PROTOTYPES = YES;
				CLANG_WARN_SUSPICIOUS_MOVE = YES;
				CLANG_WARN_UNGUARDED_AVAILABILITY = YES_AGGRESSIVE;
				CLANG_WARN_UNREACHABLE_CODE = YES;
				CLANG_WARN__DUPLICATE_METHOD_MATCH = YES;
				COPY_PHASE_STRIP = NO;
				DEBUG_INFORMATION_FORMAT = "dwarf-with-dsym";
				ENABLE_NS_ASSERTIONS = NO;
				ENABLE_STRICT_OBJC_MSGSEND = YES;
				GCC_C_LANGUAGE_STANDARD = gnu11;
				GCC_NO_COMMON_BLOCKS = YES;
				GCC_WARN_64_TO_32_BIT_CONVERSION = YES;
				GCC_WARN_ABOUT_RETURN_TYPE = YES_ERROR;
				GCC_WARN_UNDECLARED_SELECTOR = YES;
				GCC_WARN_UNINITIALIZED_AUTOS = YES_AGGRESSIVE;
				GCC_WARN_UNUSED_FUNCTION = YES;
				GCC_WARN_UNUSED_VARIABLE = YES;
				IPHONEOS_DEPLOYMENT_TARGET = 16.2;
				MTL_ENABLE_DEBUG_INFO = NO;
				MTL_FAST_MATH = YES;
				SDKROOT = iphoneos;
				SWIFT_COMPILATION_MODE = wholemodule;
				SWIFT_OPTIMIZATION_LEVEL = "-O";
				VALIDATE_PRODUCT = YES;
			};
			name = Release;
		};
		13F596FB29CCA09200BF7067 /* Debug */ = {
			isa = XCBuildConfiguration;
			buildSettings = {
				ASSETCATALOG_COMPILER_APPICON_NAME = AppIcon;
				ASSETCATALOG_COMPILER_GLOBAL_ACCENT_COLOR_NAME = AccentColor;
				CODE_SIGN_STYLE = Automatic;
				CURRENT_PROJECT_VERSION = 1;
				DEVELOPMENT_ASSET_PATHS = "\"exam/Preview Content\"";
				ENABLE_PREVIEWS = YES;
				GENERATE_INFOPLIST_FILE = YES;
				INFOPLIST_KEY_UIApplicationSceneManifest_Generation = YES;
				INFOPLIST_KEY_UIApplicationSupportsIndirectInputEvents = YES;
				INFOPLIST_KEY_UILaunchScreen_Generation = YES;
				INFOPLIST_KEY_UISupportedInterfaceOrientations_iPad = "UIInterfaceOrientationPortrait UIInterfaceOrientationPortraitUpsideDown UIInterfaceOrientationLandscapeLeft UIInterfaceOrientationLandscapeRight";
				INFOPLIST_KEY_UISupportedInterfaceOrientations_iPhone = "UIInterfaceOrientationPortrait UIInterfaceOrientationLandscapeLeft UIInterfaceOrientationLandscapeRight";
				LD_RUNPATH_SEARCH_PATHS = (
					"$(inherited)",
					"@executable_path/Frameworks",
				);
				MARKETING_VERSION = 1.0;
				PRODUCT_BUNDLE_IDENTIFIER = exam.sabiqsabry.com.exam;
				PRODUCT_NAME = "$(TARGET_NAME)";
				SWIFT_EMIT_LOC_STRINGS = YES;
				SWIFT_VERSION = 5.0;
				TARGETED_DEVICE_FAMILY = "1,2";
			};
			name = Debug;
		};
		13F596FC29CCA09200BF7067 /* Release */ = {
			isa = XCBuildConfiguration;
			buildSettings = {
				ASSETCATALOG_COMPILER_APPICON_NAME = AppIcon;
				ASSETCATALOG_COMPILER_GLOBAL_ACCENT_COLOR_NAME = AccentColor;
				CODE_SIGN_STYLE = Automatic;
				CURRENT_PROJECT_VERSION = 1;
				DEVELOPMENT_ASSET_PATHS = "\"exam/Preview Content\"";
				ENABLE_PREVIEWS = YES;
				GENERATE_INFOPLIST_FILE = YES;
				INFOPLIST_KEY_UIApplicationSceneManifest_Generation = YES;
				INFOPLIST_KEY_UIApplicationSupportsIndirectInputEvents = YES;
				INFOPLIST_KEY_UILaunchScreen_Generation = YES;
				INFOPLIST_KEY_UISupportedInterfaceOrientations_iPad = "UIInterfaceOrientationPortrait UIInterfaceOrientationPortraitUpsideDown UIInterfaceOrientationLandscapeLeft UIInterfaceOrientationLandscapeRight";
				INFOPLIST_KEY_UISupportedInterfaceOrientations_iPhone = "UIInterfaceOrientationPortrait UIInterfaceOrientationLandscapeLeft UIInterfaceOrientationLandscapeRight";
				LD_RUNPATH_SEARCH_PATHS = (
					"$(inherited)",
					"@executable_path/Frameworks",
				);
				MARKETING_VERSION = 1.0;
				PRODUCT_BUNDLE_IDENTIFIER = exam.sabiqsabry.com.exam;
				PRODUCT_NAME = "$(TARGET_NAME)";
				SWIFT_EMIT_LOC_STRINGS = YES;
				SWIFT_VERSION = 5.0;
				TARGETED_DEVICE_FAMILY = "1,2";
			};
			name = Release;
		};
		13F596FE29CCA09200BF7067 /* Debug */ = {
			isa = XCBuildConfiguration;
			buildSettings = {
				ALWAYS_EMBED_SWIFT_STANDARD_LIBRARIES = YES;
				BUNDLE_LOADER = "$(TEST_HOST)";
				CODE_SIGN_STYLE = Automatic;
				CURRENT_PROJECT_VERSION = 1;
				GENERATE_INFOPLIST_FILE = YES;
				IPHONEOS_DEPLOYMENT_TARGET = 16.2;
				MARKETING_VERSION = 1.0;
				PRODUCT_BUNDLE_IDENTIFIER = exam.sabiqsabry.com.examTests;
				PRODUCT_NAME = "$(TARGET_NAME)";
				SWIFT_EMIT_LOC_STRINGS = NO;
				SWIFT_VERSION = 5.0;
				TARGETED_DEVICE_FAMILY = "1,2";
				TEST_HOST = "$(BUILT_PRODUCTS_DIR)/exam.app/$(BUNDLE_EXECUTABLE_FOLDER_PATH)/exam";
			};
			name = Debug;
		};
		13F596FF29CCA09200BF7067 /* Release */ = {
			isa = XCBuildConfiguration;
			buildSettings = {
				ALWAYS_EMBED_SWIFT_STANDARD_LIBRARIES = YES;
				BUNDLE_LOADER = "$(TEST_HOST)";
				CODE_SIGN_STYLE = Automatic;
				CURRENT_PROJECT_VERSION = 1;
				GENERATE_INFOPLIST_FILE = YES;
				IPHONEOS_DEPLOYMENT_TARGET = 16.2;
				MARKETING_VERSION = 1.0;
				PRODUCT_BUNDLE_IDENTIFIER = exam.sabiqsabry.com.examTests;
				PRODUCT_NAME = "$(TARGET_NAME)";
				SWIFT_EMIT_LOC_STRINGS = NO;
				SWIFT_VERSION = 5.0;
				TARGETED_DEVICE_FAMILY = "1,2";
				TEST_HOST = "$(BUILT_PRODUCTS_DIR)/exam.app/$(BUNDLE_EXECUTABLE_FOLDER_PATH)/exam";
			};
			name = Release;
		};
		13F5970129CCA09200BF7067 /* Debug */ = {
			isa = XCBuildConfiguration;
			buildSettings = {
				ALWAYS_EMBED_SWIFT_STANDARD_LIBRARIES = YES;
				CODE_SIGN_STYLE = Automatic;
				CURRENT_PROJECT_VERSION = 1;
				GENERATE_INFOPLIST_FILE = YES;
				MARKETING_VERSION = 1.0;
				PRODUCT_BUNDLE_IDENTIFIER = exam.sabiqsabry.com.examUITests;
				PRODUCT_NAME = "$(TARGET_NAME)";
				SWIFT_EMIT_LOC_STRINGS = NO;
				SWIFT_VERSION = 5.0;
				TARGETED_DEVICE_FAMILY = "1,2";
				TEST_TARGET_NAME = exam;
			};
			name = Debug;
		};
		13F5970229CCA09200BF7067 /* Release */ = {
			isa = XCBuildConfiguration;
			buildSettings = {
				ALWAYS_EMBED_SWIFT_STANDARD_LIBRARIES = YES;
				CODE_SIGN_STYLE = Automatic;
				CURRENT_PROJECT_VERSION = 1;
				GENERATE_INFOPLIST_FILE = YES;
				MARKETING_VERSION = 1.0;
				PRODUCT_BUNDLE_IDENTIFIER = exam.sabiqsabry.com.examUITests;
				PRODUCT_NAME = "$(TARGET_NAME)";
				SWIFT_EMIT_LOC_STRINGS = NO;
				SWIFT_VERSION = 5.0;
				TARGETED_DEVICE_FAMILY = "1,2";
				TEST_TARGET_NAME = exam;
			};
			name = Release;
		};
/* End XCBuildConfiguration section */

/* Begin XCConfigurationList section */
		13F596D129CCA09000BF7067 /* Build configuration list for PBXProject "exam" */ = {
			isa = XCConfigurationList;
			buildConfigurations = (
				13F596F829CCA09200BF7067 /* Debug */,
				13F596F929CCA09200BF7067 /* Release */,
			);
			defaultConfigurationIsVisible = 0;
			defaultConfigurationName = Release;
		};
		13F596FA29CCA09200BF7067 /* Build configuration list for PBXNativeTarget "exam" */ = {
			isa = XCConfigurationList;
			buildConfigurations = (
				13F596FB29CCA09200BF7067 /* Debug */,
				13F596FC29CCA09200BF7067 /* Release */,
			);
			defaultConfigurationIsVisible = 0;
			defaultConfigurationName = Release;
		};
		13F596FD29CCA09200BF7067 /* Build configuration list for PBXNativeTarget "examTests" */ = {
			isa = XCConfigurationList;
			buildConfigurations = (
				13F596FE29CCA09200BF7067 /* Debug */,
				13F596FF29CCA09200BF7067 /* Release */,
			);
			defaultConfigurationIsVisible = 0;
			defaultConfigurationName = Release;
		};
		13F5970029CCA09200BF7067 /* Build configuration list for PBXNativeTarget "examUITests" */ = {
			isa = XCConfigurationList;
			buildConfigurations = (
				13F5970129CCA09200BF7067 /* Debug */,
				13F5970229CCA09200BF7067 /* Release */,
			);
			defaultConfigurationIsVisible = 0;
			defaultConfigurationName = Release;
		};
/* End XCConfigurationList section */
	};
	rootObject = 13F596CE29CCA09000BF7067 /* Project object */;
}
